
Microsoft Visual Studio Solution File, Format Version 12.00
# Visual Studio Version 17
VisualStudioVersion = 17.13.35828.75
MinimumVisualStudioVersion = 10.0.40219.1
Project("{FAE04EC0-301F-11D3-BF4B-00C04F79EFBC}") = "NeoBotAI", "NeoBotAI\NeoBotAI.csproj", "{AEB93596-EE1B-40BF-B461-EDB38E209096}"
EndProject
Global
	GlobalSection(SolutionConfigurationPlatforms) = preSolution
		Debug|Any CPU = Debug|Any CPU
		Release|Any CPU = Release|Any CPU
	EndGlobalSection
	GlobalSection(ProjectConfigurationPlatforms) = postSolution
		{AEB93596-EE1B-40BF-B461-EDB38E209096}.Debug|Any CPU.ActiveCfg = Debug|Any CPU
		{AEB93596-EE1B-40BF-B461-EDB38E209096}.Debug|Any CPU.Build.0 = Debug|Any CPU
		{AEB93596-EE1B-40BF-B461-EDB38E209096}.Release|Any CPU.ActiveCfg = Release|Any CPU
		{AEB93596-EE1B-40BF-B461-EDB38E209096}.Release|Any CPU.Build.0 = Release|Any CPU
	EndGlobalSection
	GlobalSection(SolutionProperties) = preSolution
		HideSolutionNode = FALSE
	EndGlobalSection
	GlobalSection(ExtensibilityGlobals) = postSolution
		SolutionGuid = {91C2D561-F259-4CF0-A976-E5F41B6825DD}
	EndGlobalSection
EndGlobal
